
Microsoft Visual Studio Solution File, Format Version 12.00
# Visual Studio Version 17
VisualStudioVersion = 17.2.32526.322
MinimumVisualStudioVersion = 10.0.40219.1
Project("{FAE04EC0-301F-11D3-BF4B-00C04F79EFBC}") = "DI_Service_Lifetime", "DI_Service_Lifetime\DI_Service_Lifetime.csproj", "{92634B01-8E10-4B28-9ACA-EF30370A286D}"
EndProject
Global
	GlobalSection(SolutionConfigurationPlatforms) = preSolution
		Debug|Any CPU = Debug|Any CPU
		Release|Any CPU = Release|Any CPU
	EndGlobalSection
	GlobalSection(ProjectConfigurationPlatforms) = postSolution
		{92634B01-8E10-4B28-9ACA-EF30370A286D}.Debug|Any CPU.ActiveCfg = Debug|Any CPU
		{92634B01-8E10-4B28-9ACA-EF30370A286D}.Debug|Any CPU.Build.0 = Debug|Any CPU
		{92634B01-8E10-4B28-9ACA-EF30370A286D}.Release|Any CPU.ActiveCfg = Release|Any CPU
		{92634B01-8E10-4B28-9ACA-EF30370A286D}.Release|Any CPU.Build.0 = Release|Any CPU
	EndGlobalSection
	GlobalSection(SolutionProperties) = preSolution
		HideSolutionNode = FALSE
	EndGlobalSection
	GlobalSection(ExtensibilityGlobals) = postSolution
		SolutionGuid = {F56DBD77-DF8C-4764-BE67-35E715269853}
	EndGlobalSection
EndGlobal
